
Microsoft Visual Studio Solution File, Format Version 12.00
Project("{FAE04EC0-301F-11D3-BF4B-00C04F79EFBC}") = "WebApp", "WebApp\WebApp.csproj", "{9B23D78D-5A48-477F-AB11-BC28E6CCED47}"
EndProject
Project("{FAE04EC0-301F-11D3-BF4B-00C04F79EFBC}") = "WebApi", "WebApi\WebApi.csproj", "{21C935BB-7AA6-4076-A7D2-1F33F6F0B262}"
EndProject
Global
	GlobalSection(SolutionConfigurationPlatforms) = preSolution
		Debug|Any CPU = Debug|Any CPU
		Release|Any CPU = Release|Any CPU
	EndGlobalSection
	GlobalSection(ProjectConfigurationPlatforms) = postSolution
		{9B23D78D-5A48-477F-AB11-BC28E6CCED47}.Debug|Any CPU.ActiveCfg = Debug|Any CPU
		{9B23D78D-5A48-477F-AB11-BC28E6CCED47}.Debug|Any CPU.Build.0 = Debug|Any CPU
		{9B23D78D-5A48-477F-AB11-BC28E6CCED47}.Release|Any CPU.ActiveCfg = Release|Any CPU
		{9B23D78D-5A48-477F-AB11-BC28E6CCED47}.Release|Any CPU.Build.0 = Release|Any CPU
		{21C935BB-7AA6-4076-A7D2-1F33F6F0B262}.Debug|Any CPU.ActiveCfg = Debug|Any CPU
		{21C935BB-7AA6-4076-A7D2-1F33F6F0B262}.Debug|Any CPU.Build.0 = Debug|Any CPU
		{21C935BB-7AA6-4076-A7D2-1F33F6F0B262}.Release|Any CPU.ActiveCfg = Release|Any CPU
		{21C935BB-7AA6-4076-A7D2-1F33F6F0B262}.Release|Any CPU.Build.0 = Release|Any CPU
	EndGlobalSection
EndGlobal
